// !$*UTF8*$!
{
	archiveVersion = 1;
	classes = {
	};
	objectVersion = 48;
	objects = {

/* Begin PBXBuildFile section */
		A95CEF8F205C11B3007AA797 /* AppDelegate.swift in Sources */ = {isa = PBXBuildFile; fileRef = A95CEF8E205C11B3007AA797 /* AppDelegate.swift */; };
		A95CEF91205C11B3007AA797 /* ViewController.swift in Sources */ = {isa = PBXBuildFile; fileRef = A95CEF90205C11B3007AA797 /* ViewController.swift */; };
		A95CEF94205C11B3007AA797 /* Main.storyboard in Resources */ = {isa = PBXBuildFile; fileRef = A95CEF92205C11B3007AA797 /* Main.storyboard */; };
		A95CEF97205C11B3007AA797 /* Pokeman.xcdatamodeld in Sources */ = {isa = PBXBuildFile; fileRef = A95CEF95205C11B3007AA797 /* Pokeman.xcdatamodeld */; };
		A95CEF99205C11B3007AA797 /* Assets.xcassets in Resources */ = {isa = PBXBuildFile; fileRef = A95CEF98205C11B3007AA797 /* Assets.xcassets */; };
		A95CEF9C205C11B3007AA797 /* LaunchScreen.storyboard in Resources */ = {isa = PBXBuildFile; fileRef = A95CEF9A205C11B3007AA797 /* LaunchScreen.storyboard */; };
		A95CEFA5205C1259007AA797 /* MapKit.framework in Frameworks */ = {isa = PBXBuildFile; fileRef = A95CEFA4205C1259007AA797 /* MapKit.framework */; };
		A95CF03620601E9F007AA797 /* PokedexViewController.swift in Sources */ = {isa = PBXBuildFile; fileRef = A95CF03520601E9F007AA797 /* PokedexViewController.swift */; };
		A95CF03820601FCB007AA797 /* CoreDataHelp.swift in Sources */ = {isa = PBXBuildFile; fileRef = A95CF03720601FCB007AA797 /* CoreDataHelp.swift */; };
		A95CF03A2061678B007AA797 /* PokeAnnotation.swift in Sources */ = {isa = PBXBuildFile; fileRef = A95CF0392061678B007AA797 /* PokeAnnotation.swift */; };
/* End PBXBuildFile section */

/* Begin PBXFileReference section */
		A95CEF8B205C11B3007AA797 /* Pokeman.app */ = {isa = PBXFileReference; explicitFileType = wrapper.application; includeInIndex = 0; path = Pokeman.app; sourceTree = BUILT_PRODUCTS_DIR; };
		A95CEF8E205C11B3007AA797 /* AppDelegate.swift */ = {isa = PBXFileReference; lastKnownFileType = sourcecode.swift; path = AppDelegate.swift; sourceTree = "<group>"; };
		A95CEF90205C11B3007AA797 /* ViewController.swift */ = {isa = PBXFileReference; lastKnownFileType = sourcecode.swift; path = ViewController.swift; sourceTree = "<group>"; };
		A95CEF93205C11B3007AA797 /* Base */ = {isa = PBXFileReference; lastKnownFileType = file.storyboard; name = Base; path = Base.lproj/Main.storyboard; sourceTree = "<group>"; };
		A95CEF96205C11B3007AA797 /* Pokeman.xcdatamodel */ = {isa = PBXFileReference; lastKnownFileType = wrapper.xcdatamodel; path = Pokeman.xcdatamodel; sourceTree = "<group>"; };
		A95CEF98205C11B3007AA797 /* Assets.xcassets */ = {isa = PBXFileReference; lastKnownFileType = folder.assetcatalog; path = Assets.xcassets; sourceTree = "<group>"; };
		A95CEF9B205C11B3007AA797 /* Base */ = {isa = PBXFileReference; lastKnownFileType = file.storyboard; name = Base; path = Base.lproj/LaunchScreen.storyboard; sourceTree = "<group>"; };
		A95CEF9D205C11B3007AA797 /* Info.plist */ = {isa = PBXFileReference; lastKnownFileType = text.plist.xml; path = Info.plist; sourceTree = "<group>"; };
		A95CEFA4205C1259007AA797 /* MapKit.framework */ = {isa = PBXFileReference; lastKnownFileType = wrapper.framework; name = MapKit.framework; path = System/Library/Frameworks/MapKit.framework; sourceTree = SDKROOT; };
		A95CF03520601E9F007AA797 /* PokedexViewController.swift */ = {isa = PBXFileReference; lastKnownFileType = sourcecode.swift; path = PokedexViewController.swift; sourceTree = "<group>"; };
		A95CF03720601FCB007AA797 /* CoreDataHelp.swift */ = {isa = PBXFileReference; lastKnownFileType = sourcecode.swift; path = CoreDataHelp.swift; sourceTree = "<group>"; };
		A95CF0392061678B007AA797 /* PokeAnnotation.swift */ = {isa = PBXFileReference; lastKnownFileType = sourcecode.swift; path = PokeAnnotation.swift; sourceTree = "<group>"; };
/* End PBXFileReference section */

/* Begin PBXFrameworksBuildPhase section */
		A95CEF88205C11B3007AA797 /* Frameworks */ = {
			isa = PBXFrameworksBuildPhase;
			buildActionMask = 2147483647;
			files = (
				A95CEFA5205C1259007AA797 /* MapKit.framework in Frameworks */,
			);
			runOnlyForDeploymentPostprocessing = 0;
		};
/* End PBXFrameworksBuildPhase section */

/* Begin PBXGroup section */
		A95CEF82205C11B3007AA797 = {
			isa = PBXGroup;
			children = (
				A95CEF8D205C11B3007AA797 /* Pokeman */,
				A95CEF8C205C11B3007AA797 /* Products */,
				A95CEFA3205C1259007AA797 /* Frameworks */,
			);
			sourceTree = "<group>";
		};
		A95CEF8C205C11B3007AA797 /* Products */ = {
			isa = PBXGroup;
			children = (
				A95CEF8B205C11B3007AA797 /* Pokeman.app */,
			);
			name = Products;
			sourceTree = "<group>";
		};
		A95CEF8D205C11B3007AA797 /* Pokeman */ = {
			isa = PBXGroup;
			children = (
				A95CEF8E205C11B3007AA797 /* AppDelegate.swift */,
				A95CEF90205C11B3007AA797 /* ViewController.swift */,
				A95CF03520601E9F007AA797 /* PokedexViewController.swift */,
				A95CF0392061678B007AA797 /* PokeAnnotation.swift */,
				A95CF03720601FCB007AA797 /* CoreDataHelp.swift */,
				A95CEF92205C11B3007AA797 /* Main.storyboard */,
				A95CEF98205C11B3007AA797 /* Assets.xcassets */,
				A95CEF9A205C11B3007AA797 /* LaunchScreen.storyboard */,
				A95CEF9D205C11B3007AA797 /* Info.plist */,
				A95CEF95205C11B3007AA797 /* Pokeman.xcdatamodeld */,
			);
			path = Pokeman;
			sourceTree = "<group>";
		};
		A95CEFA3205C1259007AA797 /* Frameworks */ = {
			isa = PBXGroup;
			children = (
				A95CEFA4205C1259007AA797 /* MapKit.framework */,
			);
			name = Frameworks;
			sourceTree = "<group>";
		};
/* End PBXGroup section */

/* Begin PBXNativeTarget section */
		A95CEF8A205C11B3007AA797 /* Pokeman */ = {
			isa = PBXNativeTarget;
			buildConfigurationList = A95CEFA0205C11B3007AA797 /* Build configuration list for PBXNativeTarget "Pokeman" */;
			buildPhases = (
				A95CEF87205C11B3007AA797 /* Sources */,
				A95CEF88205C11B3007AA797 /* Frameworks */,
				A95CEF89205C11B3007AA797 /* Resources */,
			);
			buildRules = (
			);
			dependencies = (
			);
			name = Pokeman;
			productName = Pokeman;
			productReference = A95CEF8B205C11B3007AA797 /* Pokeman.app */;
			productType = "com.apple.product-type.application";
		};
/* End PBXNativeTarget section */

/* Begin PBXProject section */
		A95CEF83205C11B3007AA797 /* Project object */ = {
			isa = PBXProject;
			attributes = {
				LastSwiftUpdateCheck = 0920;
				LastUpgradeCheck = 0920;
				ORGANIZATIONNAME = "William Hettinger";
				TargetAttributes = {
					A95CEF8A205C11B3007AA797 = {
						CreatedOnToolsVersion = 9.2;
						ProvisioningStyle = Automatic;
					};
				};
			};
			buildConfigurationList = A95CEF86205C11B3007AA797 /* Build configuration list for PBXProject "Pokeman" */;
			compatibilityVersion = "Xcode 8.0";
			developmentRegion = en;
			hasScannedForEncodings = 0;
			knownRegions = (
				en,
				Base,
			);
			mainGroup = A95CEF82205C11B3007AA797;
			productRefGroup = A95CEF8C205C11B3007AA797 /* Products */;
			projectDirPath = "";
			projectRoot = "";
			targets = (
				A95CEF8A205C11B3007AA797 /* Pokeman */,
			);
		};
/* End PBXProject section */

/* Begin PBXResourcesBuildPhase section */
		A95CEF89205C11B3007AA797 /* Resources */ = {
			isa = PBXResourcesBuildPhase;
			buildActionMask = 2147483647;
			files = (
				A95CEF9C205C11B3007AA797 /* LaunchScreen.storyboard in Resources */,
				A95CEF99205C11B3007AA797 /* Assets.xcassets in Resources */,
				A95CEF94205C11B3007AA797 /* Main.storyboard in Resources */,
			);
			runOnlyForDeploymentPostprocessing = 0;
		};
/* End PBXResourcesBuildPhase section */

/* Begin PBXSourcesBuildPhase section */
		A95CEF87205C11B3007AA797 /* Sources */ = {
			isa = PBXSourcesBuildPhase;
			buildActionMask = 2147483647;
			files = (
				A95CEF91205C11B3007AA797 /* ViewController.swift in Sources */,
				A95CF03A2061678B007AA797 /* PokeAnnotation.swift in Sources */,
				A95CF03620601E9F007AA797 /* PokedexViewController.swift in Sources */,
				A95CEF8F205C11B3007AA797 /* AppDelegate.swift in Sources */,
				A95CF03820601FCB007AA797 /* CoreDataHelp.swift in Sources */,
				A95CEF97205C11B3007AA797 /* Pokeman.xcdatamodeld in Sources */,
			);
			runOnlyForDeploymentPostprocessing = 0;
		};
/* End PBXSourcesBuildPhase section */

/* Begin PBXVariantGroup section */
		A95CEF92205C11B3007AA797 /* Main.storyboard */ = {
			isa = PBXVariantGroup;
			children = (
				A95CEF93205C11B3007AA797 /* Base */,
			);
			name = Main.storyboard;
			sourceTree = "<group>";
		};
		A95CEF9A205C11B3007AA797 /* LaunchScreen.storyboard */ = {
			isa = PBXVariantGroup;
			children = (
				A95CEF9B205C11B3007AA797 /* Base */,
			);
			name = LaunchScreen.storyboard;
			sourceTree = "<group>";
		};
/* End PBXVariantGroup section */

/* Begin XCBuildConfiguration section */
		A95CEF9E205C11B3007AA797 /* Debug */ = {
			isa = XCBuildConfiguration;
			buildSettings = {
				ALWAYS_SEARCH_USER_PATHS = NO;
				CLANG_ANALYZER_NONNULL = YES;
				CLANG_ANALYZER_NUMBER_OBJECT_CONVERSION = YES_AGGRESSIVE;
				CLANG_CXX_LANGUAGE_STANDARD = "gnu++14";
				CLANG_CXX_LIBRARY = "libc++";
				CLANG_ENABLE_MODULES = YES;
				CLANG_ENABLE_OBJC_ARC = YES;
				CLANG_WARN_BLOCK_CAPTURE_AUTORELEASING = YES;
				CLANG_WARN_BOOL_CONVERSION = YES;
				CLANG_WARN_COMMA = YES;
				CLANG_WARN_CONSTANT_CONVERSION = YES;
				CLANG_WARN_DIRECT_OBJC_ISA_USAGE = YES_ERROR;
				CLANG_WARN_DOCUMENTATION_COMMENTS = YES;
				CLANG_WARN_EMPTY_BODY = YES;
				CLANG_WARN_ENUM_CONVERSION = YES;
				CLANG_WARN_INFINITE_RECURSION = YES;
				CLANG_WARN_INT_CONVERSION = YES;
				CLANG_WARN_NON_LITERAL_NULL_CONVERSION = YES;
				CLANG_WARN_OBJC_LITERAL_CONVERSION = YES;
				CLANG_WARN_OBJC_ROOT_CLASS = YES_ERROR;
				CLANG_WARN_RANGE_LOOP_ANALYSIS = YES;
				CLANG_WARN_STRICT_PROTOTYPES = YES;
				CLANG_WARN_SUSPICIOUS_MOVE = YES;
				CLANG_WARN_UNGUARDED_AVAILABILITY = YES_AGGRESSIVE;
				CLANG_WARN_UNREACHABLE_CODE = YES;
				CLANG_WARN__DUPLICATE_METHOD_MATCH = YES;
				CODE_SIGN_IDENTITY = "iPhone Developer";
				COPY_PHASE_STRIP = NO;
				DEBUG_INFORMATION_FORMAT = dwarf;
				ENABLE_STRICT_OBJC_MSGSEND = YES;
				ENABLE_TESTABILITY = YES;
				GCC_C_LANGUAGE_STANDARD = gnu11;
				GCC_DYNAMIC_NO_PIC = NO;
				GCC_NO_COMMON_BLOCKS = YES;
				GCC_OPTIMIZATION_LEVEL = 0;
				GCC_PREPROCESSOR_DEFINITIONS = (
					"DEBUG=1",
					"$(inherited)",
				);
				GCC_WARN_64_TO_32_BIT_CONVERSION = YES;
				GCC_WARN_ABOUT_RETURN_TYPE = YES_ERROR;
				GCC_WARN_UNDECLARED_SELECTOR = YES;
				GCC_WARN_UNINITIALIZED_AUTOS = YES_AGGRESSIVE;
				GCC_WARN_UNUSED_FUNCTION = YES;
				GCC_WARN_UNUSED_VARIABLE = YES;
				IPHONEOS_DEPLOYMENT_TARGET = 11.2;
				MTL_ENABLE_DEBUG_INFO = YES;
				ONLY_ACTIVE_ARCH = YES;
				SDKROOT = iphoneos;
				SWIFT_ACTIVE_COMPILATION_CONDITIONS = DEBUG;
				SWIFT_OPTIMIZATION_LEVEL = "-Onone";
			};
			name = Debug;
		};
		A95CEF9F205C11B3007AA797 /* Release */ = {
			isa = XCBuildConfiguration;
			buildSettings = {
				ALWAYS_SEARCH_USER_PATHS = NO;
				CLANG_ANALYZER_NONNULL = YES;
				CLANG_ANALYZER_NUMBER_OBJECT_CONVERSION = YES_AGGRESSIVE;
				CLANG_CXX_LANGUAGE_STANDARD = "gnu++14";
				CLANG_CXX_LIBRARY = "libc++";
				CLANG_ENABLE_MODULES = YES;
				CLANG_ENABLE_OBJC_ARC = YES;
				CLANG_WARN_BLOCK_CAPTURE_AUTORELEASING = YES;
				CLANG_WARN_BOOL_CONVERSION = YES;
				CLANG_WARN_COMMA = YES;
				CLANG_WARN_CONSTANT_CONVERSION = YES;
				CLANG_WARN_DIRECT_OBJC_ISA_USAGE = YES_ERROR;
				CLANG_WARN_DOCUMENTATION_COMMENTS = YES;
				CLANG_WARN_EMPTY_BODY = YES;
				CLANG_WARN_ENUM_CONVERSION = YES;
				CLANG_WARN_INFINITE_RECURSION = YES;
				CLANG_WARN_INT_CONVERSION = YES;
				CLANG_WARN_NON_LITERAL_NULL_CONVERSION = YES;
				CLANG_WARN_OBJC_LITERAL_CONVERSION = YES;
				CLANG_WARN_OBJC_ROOT_CLASS = YES_ERROR;
				CLANG_WARN_RANGE_LOOP_ANALYSIS = YES;
				CLANG_WARN_STRICT_PROTOTYPES = YES;
				CLANG_WARN_SUSPICIOUS_MOVE = YES;
				CLANG_WARN_UNGUARDED_AVAILABILITY = YES_AGGRESSIVE;
				CLANG_WARN_UNREACHABLE_CODE = YES;
				CLANG_WARN__DUPLICATE_METHOD_MATCH = YES;
				CODE_SIGN_IDENTITY = "iPhone Developer";
				COPY_PHASE_STRIP = NO;
				DEBUG_INFORMATION_FORMAT = "dwarf-with-dsym";
				ENABLE_NS_ASSERTIONS = NO;
				ENABLE_STRICT_OBJC_MSGSEND = YES;
				GCC_C_LANGUAGE_STANDARD = gnu11;
				GCC_NO_COMMON_BLOCKS = YES;
				GCC_WARN_64_TO_32_BIT_CONVERSION = YES;
				GCC_WARN_ABOUT_RETURN_TYPE = YES_ERROR;
				GCC_WARN_UNDECLARED_SELECTOR = YES;
				GCC_WARN_UNINITIALIZED_AUTOS = YES_AGGRESSIVE;
				GCC_WARN_UNUSED_FUNCTION = YES;
				GCC_WARN_UNUSED_VARIABLE = YES;
				IPHONEOS_DEPLOYMENT_TARGET = 11.2;
				MTL_ENABLE_DEBUG_INFO = NO;
				SDKROOT = iphoneos;
				SWIFT_OPTIMIZATION_LEVEL = "-Owholemodule";
				VALIDATE_PRODUCT = YES;
			};
			name = Release;
		};
		A95CEFA1205C11B3007AA797 /* Debug */ = {
			isa = XCBuildConfiguration;
			buildSettings = {
				ASSETCATALOG_COMPILER_APPICON_NAME = AppIcon;
				CODE_SIGN_STYLE = Automatic;
				DEVELOPMENT_TEAM = 6G8U3S3YV7;
				INFOPLIST_FILE = Pokeman/Info.plist;
				LD_RUNPATH_SEARCH_PATHS = "$(inherited) @executable_path/Frameworks";
				PRODUCT_BUNDLE_IDENTIFIER = com.williamhettinger.Pokeman;
				PRODUCT_NAME = "$(TARGET_NAME)";
				SWIFT_VERSION = 4.0;
				TARGETED_DEVICE_FAMILY = "1,2";
			};
			name = Debug;
		};
		A95CEFA2205C11B3007AA797 /* Release */ = {
			isa = XCBuildConfiguration;
			buildSettings = {
				ASSETCATALOG_COMPILER_APPICON_NAME = AppIcon;
				CODE_SIGN_STYLE = Automatic;
				DEVELOPMENT_TEAM = 6G8U3S3YV7;
				INFOPLIST_FILE = Pokeman/Info.plist;
				LD_RUNPATH_SEARCH_PATHS = "$(inherited) @executable_path/Frameworks";
				PRODUCT_BUNDLE_IDENTIFIER = com.williamhettinger.Pokeman;
				PRODUCT_NAME = "$(TARGET_NAME)";
				SWIFT_VERSION = 4.0;
				TARGETED_DEVICE_FAMILY = "1,2";
			};
			name = Release;
		};
/* End XCBuildConfiguration section */

/* Begin XCConfigurationList section */
		A95CEF86205C11B3007AA797 /* Build configuration list for PBXProject "Pokeman" */ = {
			isa = XCConfigurationList;
			buildConfigurations = (
				A95CEF9E205C11B3007AA797 /* Debug */,
				A95CEF9F205C11B3007AA797 /* Release */,
			);
			defaultConfigurationIsVisible = 0;
			defaultConfigurationName = Release;
		};
		A95CEFA0205C11B3007AA797 /* Build configuration list for PBXNativeTarget "Pokeman" */ = {
			isa = XCConfigurationList;
			buildConfigurations = (
				A95CEFA1205C11B3007AA797 /* Debug */,
				A95CEFA2205C11B3007AA797 /* Release */,
			);
			defaultConfigurationIsVisible = 0;
			defaultConfigurationName = Release;
		};
/* End XCConfigurationList section */

/* Begin XCVersionGroup section */
		A95CEF95205C11B3007AA797 /* Pokeman.xcdatamodeld */ = {
			isa = XCVersionGroup;
			children = (
				A95CEF96205C11B3007AA797 /* Pokeman.xcdatamodel */,
			);
			currentVersion = A95CEF96205C11B3007AA797 /* Pokeman.xcdatamodel */;
			path = Pokeman.xcdatamodeld;
			sourceTree = "<group>";
			versionGroupType = wrapper.xcdatamodel;
		};
/* End XCVersionGroup section */
	};
	rootObject = A95CEF83205C11B3007AA797 /* Project object */;
}
